# THIS IS AN AUTOGENERATED FILE. DO NOT EDIT THIS FILE DIRECTLY.
# yarn lockfile v1


"@types/vscode@^1.69.0":
  version "1.69.0"
  resolved "https://registry.yarnpkg.com/@types/vscode/-/vscode-1.69.0.tgz#a472011af392fbcf82cbb82f60b4c239c21b921c"
  integrity sha512-RlzDAnGqUoo9wS6d4tthNyAdZLxOIddLiX3djMoWk29jFfSA1yJbIwr0epBYqqYarWB6s2Z+4VaZCQ80Jaa3kA==
